
Microsoft Visual Studio Solution File, Format Version 12.00
# Visual Studio Version 16
VisualStudioVersion = 16.0.30621.155
MinimumVisualStudioVersion = 10.0.40219.1
Project("{FAE04EC0-301F-11D3-BF4B-00C04F79EFBC}") = "NpgsqlEfcoreIssue", "NpgsqlEfcoreIssue\NpgsqlEfcoreIssue.csproj", "{DCB63C1D-4804-4691-B163-8390CC9DD714}"
EndProject
Global
	GlobalSection(SolutionConfigurationPlatforms) = preSolution
		Debug|Any CPU = Debug|Any CPU
		Release|Any CPU = Release|Any CPU
	EndGlobalSection
	GlobalSection(ProjectConfigurationPlatforms) = postSolution
		{DCB63C1D-4804-4691-B163-8390CC9DD714}.Debug|Any CPU.ActiveCfg = Debug|Any CPU
		{DCB63C1D-4804-4691-B163-8390CC9DD714}.Debug|Any CPU.Build.0 = Debug|Any CPU
		{DCB63C1D-4804-4691-B163-8390CC9DD714}.Release|Any CPU.ActiveCfg = Release|Any CPU
		{DCB63C1D-4804-4691-B163-8390CC9DD714}.Release|Any CPU.Build.0 = Release|Any CPU
	EndGlobalSection
	GlobalSection(SolutionProperties) = preSolution
		HideSolutionNode = FALSE
	EndGlobalSection
	GlobalSection(ExtensibilityGlobals) = postSolution
		SolutionGuid = {7F270FFD-D0C1-457B-83FE-7D7810641858}
	EndGlobalSection
EndGlobal
